
Microsoft Visual Studio Solution File, Format Version 12.00
# Blend for Visual Studio Version 16
VisualStudioVersion = 16.0.29324.140
MinimumVisualStudioVersion = 10.0.40219.1
Project("{FAE04EC0-301F-11D3-BF4B-00C04F79EFBC}") = "MaterialDesignLearn", "MaterialDesignLearn\MaterialDesignLearn.csproj", "{626075BC-31AB-4961-8E43-5053DA0B9F5A}"
EndProject
Global
	GlobalSection(SolutionConfigurationPlatforms) = preSolution
		Debug|Any CPU = Debug|Any CPU
		Release|Any CPU = Release|Any CPU
	EndGlobalSection
	GlobalSection(ProjectConfigurationPlatforms) = postSolution
		{626075BC-31AB-4961-8E43-5053DA0B9F5A}.Debug|Any CPU.ActiveCfg = Debug|Any CPU
		{626075BC-31AB-4961-8E43-5053DA0B9F5A}.Debug|Any CPU.Build.0 = Debug|Any CPU
		{626075BC-31AB-4961-8E43-5053DA0B9F5A}.Release|Any CPU.ActiveCfg = Release|Any CPU
		{626075BC-31AB-4961-8E43-5053DA0B9F5A}.Release|Any CPU.Build.0 = Release|Any CPU
	EndGlobalSection
	GlobalSection(SolutionProperties) = preSolution
		HideSolutionNode = FALSE
	EndGlobalSection
	GlobalSection(ExtensibilityGlobals) = postSolution
		SolutionGuid = {BA380B68-25F6-4B48-B59F-B6119B6226C8}
	EndGlobalSection
EndGlobal
